# THIS IS AN AUTOGENERATED FILE. DO NOT EDIT THIS FILE DIRECTLY.
# yarn lockfile v1


"@inversifyjs/common@1.5.0":
  version "1.5.0"
  resolved "https://registry.yarnpkg.com/@inversifyjs/common/-/common-1.5.0.tgz#542cdb0cfc02e36cca5a19208af726ecf904d400"
  integrity sha512-Qj5BELk11AfI2rgZEAaLPmOftmQRLLmoCXgAjmaF0IngQN5vHomVT5ML7DZ3+CA5fgGcEVMcGbUDAun+Rz+oNg==

"@inversifyjs/container@1.9.1":
  version "1.9.1"
  resolved "https://registry.yarnpkg.com/@inversifyjs/container/-/container-1.9.1.tgz#56367187c8a155b929758b3ab46a0ff2016cce4f"
  integrity sha512-8EhjFoAx1LoD7TpCuP9ptitwc+7kVXEpZB0IeoEsCQb9sWaNYYaBi+7Lommu3/1nYxdMbX2t7AJhQnryT1EEsg==
  dependencies:
    "@inversifyjs/common" "1.5.0"
    "@inversifyjs/core" "5.2.0"
    "@inversifyjs/reflect-metadata-utils" "1.1.0"

"@inversifyjs/core@5.2.0":
  version "5.2.0"
  resolved "https://registry.yarnpkg.com/@inversifyjs/core/-/core-5.2.0.tgz#cd4e27a8096c7156f0b80ecb07af8baa40c453d7"
  integrity sha512-MMaHGGRjQWT9uAof63sbZyEhRl4XptEAE17DJwrgUcN9LsdIEvecKP3r53pE9VF88PFR41knUKKzagUBvWLHmw==
  dependencies:
    "@inversifyjs/common" "1.5.0"
    "@inversifyjs/prototype-utils" "0.1.0"
    "@inversifyjs/reflect-metadata-utils" "1.1.0"

"@inversifyjs/prototype-utils@0.1.0":
  version "0.1.0"
  resolved "https://registry.yarnpkg.com/@inversifyjs/prototype-utils/-/prototype-utils-0.1.0.tgz#1378596f3d708244f390e9b233599b862aba450d"
  integrity sha512-lNz1yyajMRDXBHLvJsYYX81FcmeD15e5Qz1zAZ/3zeYTl+u7ZF/GxNRKJzNOloeMPMtuR8BnvzHA1SZxjR+J9w==
  dependencies:
    "@inversifyjs/common" "1.5.0"

"@inversifyjs/reflect-metadata-utils@1.1.0":
  version "1.1.0"
  resolved "https://registry.yarnpkg.com/@inversifyjs/reflect-metadata-utils/-/reflect-metadata-utils-1.1.0.tgz#193ab71b92d47a8073e65e5bab640762bc435dcb"
  integrity sha512-jmuAuC3eL1GnFAYfJGJOMKRDL9q1mgzOyrban6zxfM8Yg1FUHsj25h27bW2G7p8X1Amvhg3MLkaOuogszkrofA==

"@types/node@^22.15.17":
  version "22.15.17"
  resolved "https://registry.yarnpkg.com/@types/node/-/node-22.15.17.tgz#355ccec95f705b664e4332bb64a7f07db30b7055"
  integrity sha512-wIX2aSZL5FE+MR0JlvF87BNVrtFWf6AE6rxSE9X7OwnVvoyCQjpzSRJ+M87se/4QCkCiebQAqrJ0y6fwIyi7nw==
  dependencies:
    undici-types "~6.21.0"

inversify@^7.5.1:
  version "7.5.1"
  resolved "https://registry.yarnpkg.com/inversify/-/inversify-7.5.1.tgz#aa69cf594d7703b63a2e77902f8c47e172840bf0"
  integrity sha512-oWWFDU2BXiuqZynGcLDDD4tqiWAeaEUCALlCj0vk/QwHGgZY/tzDFPuTmWMY3jwRmDIHxVDkcj9SL3MFTlCEDw==
  dependencies:
    "@inversifyjs/common" "1.5.0"
    "@inversifyjs/container" "1.9.1"
    "@inversifyjs/core" "5.2.0"

jose@^6.0.11:
  version "6.0.11"
  resolved "https://registry.yarnpkg.com/jose/-/jose-6.0.11.tgz#0b7ea8b3b21a1bda5e00255a044c3a0e43270882"
  integrity sha512-QxG7EaliDARm1O1S8BGakqncGT9s25bKL1WSf6/oa17Tkqwi8D2ZNglqCF+DsYF88/rV66Q/Q2mFAy697E1DUg==

libmodulor@^0.13.1:
  version "0.13.1"
  resolved "https://registry.yarnpkg.com/libmodulor/-/libmodulor-0.13.1.tgz#34683c0b041b0a36a4291a13db959aeeeabdf5d6"
  integrity sha512-fpmUim30MZVO3vZE4sAdZ+SdhDavaJcBV1+YtFzBHYyIFfiPR/2J+my9/XUI9iDY7jCyHECNOGlvwmzk3/OHcg==

reflect-metadata@^0.2.2:
  version "0.2.2"
  resolved "https://registry.yarnpkg.com/reflect-metadata/-/reflect-metadata-0.2.2.tgz#400c845b6cba87a21f2c65c4aeb158f4fa4d9c5b"
  integrity sha512-urBwgfrvVP/eAyXx4hluJivBKzuEbSQs9rKWCrCkbSxNv8mxPcUZKeuoF3Uy4mJl3Lwprp6yy5/39VWigZ4K6Q==

typescript@^5.8.3:
  version "5.8.3"
  resolved "https://registry.yarnpkg.com/typescript/-/typescript-5.8.3.tgz#92f8a3e5e3cf497356f4178c34cd65a7f5e8440e"
  integrity sha512-p1diW6TqL9L07nNxvRMM7hMMw4c5XOo/1ibL4aAIGmSAt9slTE1Xgw5KWuof2uTOvCg9BY7ZRi+GaF+7sfgPeQ==

undici-types@~6.21.0:
  version "6.21.0"
  resolved "https://registry.yarnpkg.com/undici-types/-/undici-types-6.21.0.tgz#691d00af3909be93a7faa13be61b3a5b50ef12cb"
  integrity sha512-iwDZqg0QAGrg9Rav5H4n0M64c3mkR59cJ6wQp+7C4nI0gsmExaedaYLNO44eT4AtBBwjbTiGPMlt2Md0T9H9JQ==
