# THIS IS AN AUTOGENERATED FILE. DO NOT EDIT THIS FILE DIRECTLY.
# yarn lockfile v1


"@inversifyjs/common@1.5.0":
  version "1.5.0"
  resolved "https://registry.yarnpkg.com/@inversifyjs/common/-/common-1.5.0.tgz#542cdb0cfc02e36cca5a19208af726ecf904d400"
  integrity sha512-Qj5BELk11AfI2rgZEAaLPmOftmQRLLmoCXgAjmaF0IngQN5vHomVT5ML7DZ3+CA5fgGcEVMcGbUDAun+Rz+oNg==

"@inversifyjs/container@1.9.0":
  version "1.9.0"
  resolved "https://registry.yarnpkg.com/@inversifyjs/container/-/container-1.9.0.tgz#d7b7e0cc2d7d8996cd79986f841bfc316f4279be"
  integrity sha512-swW69XZTMo8P+TR9Xl828XXwcajPtfskAnr0Vs2eEIjoBoLUtifM7JoHHddYWaJBlPa1+NuK/BV3eWRqV9VNlA==
  dependencies:
    "@inversifyjs/common" "1.5.0"
    "@inversifyjs/core" "5.1.0"
    "@inversifyjs/reflect-metadata-utils" "1.1.0"

"@inversifyjs/core@5.1.0":
  version "5.1.0"
  resolved "https://registry.yarnpkg.com/@inversifyjs/core/-/core-5.1.0.tgz#b0abccce7102d59f9d4aed8eb4d2cb64631d1579"
  integrity sha512-mxawKEUmRAwQeNGymf2WucPNEnyWnaGMTi2cOyIq9/zqMbo8LpXh8OFkGvJciFWznC6fDnP27O80u+sY/JjU9g==
  dependencies:
    "@inversifyjs/common" "1.5.0"
    "@inversifyjs/prototype-utils" "0.1.0"
    "@inversifyjs/reflect-metadata-utils" "1.1.0"

"@inversifyjs/prototype-utils@0.1.0":
  version "0.1.0"
  resolved "https://registry.yarnpkg.com/@inversifyjs/prototype-utils/-/prototype-utils-0.1.0.tgz#1378596f3d708244f390e9b233599b862aba450d"
  integrity sha512-lNz1yyajMRDXBHLvJsYYX81FcmeD15e5Qz1zAZ/3zeYTl+u7ZF/GxNRKJzNOloeMPMtuR8BnvzHA1SZxjR+J9w==
  dependencies:
    "@inversifyjs/common" "1.5.0"

"@inversifyjs/reflect-metadata-utils@1.1.0":
  version "1.1.0"
  resolved "https://registry.yarnpkg.com/@inversifyjs/reflect-metadata-utils/-/reflect-metadata-utils-1.1.0.tgz#193ab71b92d47a8073e65e5bab640762bc435dcb"
  integrity sha512-jmuAuC3eL1GnFAYfJGJOMKRDL9q1mgzOyrban6zxfM8Yg1FUHsj25h27bW2G7p8X1Amvhg3MLkaOuogszkrofA==

"@types/node@^22.14.1":
  version "22.14.1"
  resolved "https://registry.yarnpkg.com/@types/node/-/node-22.14.1.tgz#53b54585cec81c21eee3697521e31312d6ca1e6f"
  integrity sha512-u0HuPQwe/dHrItgHHpmw3N2fYCR6x4ivMNbPHRkBVP4CvN+kiRrKHWk3i8tXiO/joPwXLMYvF9TTF0eqgHIuOw==
  dependencies:
    undici-types "~6.21.0"

inversify@^7.5.0:
  version "7.5.0"
  resolved "https://registry.yarnpkg.com/inversify/-/inversify-7.5.0.tgz#7d0f1ebaa651620f1fb131e73045a7d0f1b6cee1"
  integrity sha512-HYVDGApOdkCf5v3k1M/1tY+jAG/QjWYRnU3o+7Vlb5BvNyP0iOL/PQvz4YV7SYX7W79LALbAxi755E84cDDb+Q==
  dependencies:
    "@inversifyjs/common" "1.5.0"
    "@inversifyjs/container" "1.9.0"
    "@inversifyjs/core" "5.1.0"

jose@^6.0.10:
  version "6.0.10"
  resolved "https://registry.yarnpkg.com/jose/-/jose-6.0.10.tgz#52d96e1a671b4c02e13b71e0d35abea2e774712b"
  integrity sha512-skIAxZqcMkOrSwjJvplIPYrlXGpxTPnro2/QWTDCxAdWQrSTV5/KqspMWmi5WAx5+ULswASJiZ0a+1B/Lxt9cw==

libmodulor@^0.12.0:
  version "0.12.0"
  resolved "https://registry.yarnpkg.com/libmodulor/-/libmodulor-0.12.0.tgz#c445433bfd676fa2d402529aa9f9d17d36dbe39a"
  integrity sha512-fz/8BXh/9prb8q2TOS1imw2jFKFUOwxovudM091l0/8+10YmWKzOOLI/U4WTeh8BLKgOK2u9FjCeofM64bUfSQ==

reflect-metadata@^0.2.2:
  version "0.2.2"
  resolved "https://registry.yarnpkg.com/reflect-metadata/-/reflect-metadata-0.2.2.tgz#400c845b6cba87a21f2c65c4aeb158f4fa4d9c5b"
  integrity sha512-urBwgfrvVP/eAyXx4hluJivBKzuEbSQs9rKWCrCkbSxNv8mxPcUZKeuoF3Uy4mJl3Lwprp6yy5/39VWigZ4K6Q==

typescript@^5.8.3:
  version "5.8.3"
  resolved "https://registry.yarnpkg.com/typescript/-/typescript-5.8.3.tgz#92f8a3e5e3cf497356f4178c34cd65a7f5e8440e"
  integrity sha512-p1diW6TqL9L07nNxvRMM7hMMw4c5XOo/1ibL4aAIGmSAt9slTE1Xgw5KWuof2uTOvCg9BY7ZRi+GaF+7sfgPeQ==

undici-types@~6.21.0:
  version "6.21.0"
  resolved "https://registry.yarnpkg.com/undici-types/-/undici-types-6.21.0.tgz#691d00af3909be93a7faa13be61b3a5b50ef12cb"
  integrity sha512-iwDZqg0QAGrg9Rav5H4n0M64c3mkR59cJ6wQp+7C4nI0gsmExaedaYLNO44eT4AtBBwjbTiGPMlt2Md0T9H9JQ==
